
Microsoft Visual Studio Solution File, Format Version 12.00
# Visual Studio Version 16
VisualStudioVersion = 16.0.31112.23
MinimumVisualStudioVersion = 10.0.40219.1
Project("{FAE04EC0-301F-11D3-BF4B-00C04F79EFBC}") = "PointSalad_App", "PointSalad_App\PointSalad_App.csproj", "{923DFE86-94B6-4E04-84BD-B5DFCA3C28A2}"
EndProject
Project("{FAE04EC0-301F-11D3-BF4B-00C04F79EFBC}") = "PointSalad_Library", "PointSalad_Library\PointSalad_Library.csproj", "{E8E615C7-CE4A-467B-A330-FC2D339770D8}"
EndProject
Global
	GlobalSection(SolutionConfigurationPlatforms) = preSolution
		Debug|Any CPU = Debug|Any CPU
		Release|Any CPU = Release|Any CPU
	EndGlobalSection
	GlobalSection(ProjectConfigurationPlatforms) = postSolution
		{923DFE86-94B6-4E04-84BD-B5DFCA3C28A2}.Debug|Any CPU.ActiveCfg = Debug|Any CPU
		{923DFE86-94B6-4E04-84BD-B5DFCA3C28A2}.Debug|Any CPU.Build.0 = Debug|Any CPU
		{923DFE86-94B6-4E04-84BD-B5DFCA3C28A2}.Release|Any CPU.ActiveCfg = Release|Any CPU
		{923DFE86-94B6-4E04-84BD-B5DFCA3C28A2}.Release|Any CPU.Build.0 = Release|Any CPU
		{E8E615C7-CE4A-467B-A330-FC2D339770D8}.Debug|Any CPU.ActiveCfg = Debug|Any CPU
		{E8E615C7-CE4A-467B-A330-FC2D339770D8}.Debug|Any CPU.Build.0 = Debug|Any CPU
		{E8E615C7-CE4A-467B-A330-FC2D339770D8}.Release|Any CPU.ActiveCfg = Release|Any CPU
		{E8E615C7-CE4A-467B-A330-FC2D339770D8}.Release|Any CPU.Build.0 = Release|Any CPU
	EndGlobalSection
	GlobalSection(SolutionProperties) = preSolution
		HideSolutionNode = FALSE
	EndGlobalSection
	GlobalSection(ExtensibilityGlobals) = postSolution
		SolutionGuid = {309AD734-6337-4A0D-912F-87E828081A32}
	EndGlobalSection
EndGlobal
